{
    "name": "fortnite-sample",
    "version": "0.3.7",
    "lockfileVersion": 3,
    "requires": true,
    "packages": {
        "": {
            "name": "fortnite-sample",
            "version": "0.3.7",
            "dependencies": {
                "@tweenjs/tween.js": "^25.0.0",
                "onejs-core": "^0.3.8",
                "onejs-preact": "^0.3.7"
            }
        },
        "node_modules/@tweenjs/tween.js": {
            "version": "25.0.0",
            "resolved": "https://registry.npmjs.org/@tweenjs/tween.js/-/tween.js-25.0.0.tgz",
            "integrity": "sha512-XKLA6syeBUaPzx4j3qwMqzzq+V4uo72BnlbOjmuljLrRqdsd3qnzvZZoxvMHZ23ndsRS4aufU6JOZYpCbU6T1A=="
        },
        "node_modules/css-flatten": {
            "version": "2.0.0",
            "resolved": "https://registry.npmjs.org/css-flatten/-/css-flatten-2.0.0.tgz",
            "integrity": "sha512-wJ+hhOqhvAB/jVgxd3F1wmElBV9/WrE1am4FErEF8DtGCGN268PQYAvDvMHdVlZH7jeZx+y2vXun/6SjiGyuFg==",
            "dependencies": {
                "css-simple-parser": "^3.0.0"
            }
        },
        "node_modules/css-simple-parser": {
            "version": "3.0.0",
            "resolved": "https://registry.npmjs.org/css-simple-parser/-/css-simple-parser-3.0.0.tgz",
            "integrity": "sha512-vCQf8BH7UO+HqA4DG1gkYzLVlRSLHD64leDWmfBrZZnZuHyGcTDFs6OqYNTDV36n4JbKMA6v4DnJeNRVXdk2nw==",
            "dependencies": {
                "string-indexes": "^2.0.0"
            }
        },
        "node_modules/onejs-core": {
            "version": "0.3.8",
            "resolved": "https://registry.npmjs.org/onejs-core/-/onejs-core-0.3.8.tgz",
            "integrity": "sha512-KBBemK1CbReqkFLkeJrnGzPh62EHbJwWHSuKoHdvvLshLGRpJrJ4dJaq1m00pPQXE8V8CutMo1KJewV/IBdulA==",
            "dependencies": {
                "css-flatten": "^2.0.0",
                "css-simple-parser": "^3.0.0"
            }
        },
        "node_modules/onejs-preact": {
            "version": "0.3.7",
            "resolved": "https://registry.npmjs.org/onejs-preact/-/onejs-preact-0.3.7.tgz",
            "integrity": "sha512-6JsfQmOQN7zC96YB07w9Ot2FIrRPQR0jZlTLC51ttC8CRFRqjbKA8YI1Utip/wDffcdP5sXfB5nEucDJVHGFtA==",
            "dependencies": {
                "onejs-core": "^0.3.7"
            }
        },
        "node_modules/string-indexes": {
            "version": "2.0.0",
            "resolved": "https://registry.npmjs.org/string-indexes/-/string-indexes-2.0.0.tgz",
            "integrity": "sha512-ATTNLgMvr27CtHUsOslQrMMR9+T3py6hhwKJtJPhu0YoRsiG7ybim70Kvdw/qk3Ill0sp0jzlxS5ILdBA3LW6w=="
        }
    }
}
